// !$*UTF8*$!
{
	archiveVersion = 1;
	classes = {
	};
	objectVersion = 50;
	objects = {

/* Begin PBXBuildFile section */
		414F4ACA2483C1D500E55291 /* AppDelegate.swift in Sources */ = {isa = PBXBuildFile; fileRef = 414F4AC92483C1D500E55291 /* AppDelegate.swift */; };
		414F4ACC2483C1D500E55291 /* ViewController.swift in Sources */ = {isa = PBXBuildFile; fileRef = 414F4ACB2483C1D500E55291 /* ViewController.swift */; };
		414F4ACE2483C1D800E55291 /* Assets.xcassets in Resources */ = {isa = PBXBuildFile; fileRef = 414F4ACD2483C1D800E55291 /* Assets.xcassets */; };
		414F4AD12483C1D800E55291 /* Main.storyboard in Resources */ = {isa = PBXBuildFile; fileRef = 414F4ACF2483C1D800E55291 /* Main.storyboard */; };
		414F4ADA2484067C00E55291 /* ScriptEditorController.swift in Sources */ = {isa = PBXBuildFile; fileRef = 414F4AD92484067C00E55291 /* ScriptEditorController.swift */; };
/* End PBXBuildFile section */

/* Begin PBXFileReference section */
		414F4AC62483C1D500E55291 /* StatusScript.app */ = {isa = PBXFileReference; explicitFileType = wrapper.application; includeInIndex = 0; path = StatusScript.app; sourceTree = BUILT_PRODUCTS_DIR; };
		414F4AC92483C1D500E55291 /* AppDelegate.swift */ = {isa = PBXFileReference; lastKnownFileType = sourcecode.swift; path = AppDelegate.swift; sourceTree = "<group>"; };
		414F4ACB2483C1D500E55291 /* ViewController.swift */ = {isa = PBXFileReference; lastKnownFileType = sourcecode.swift; path = ViewController.swift; sourceTree = "<group>"; };
		414F4ACD2483C1D800E55291 /* Assets.xcassets */ = {isa = PBXFileReference; lastKnownFileType = folder.assetcatalog; path = Assets.xcassets; sourceTree = "<group>"; };
		414F4AD02483C1D800E55291 /* Base */ = {isa = PBXFileReference; lastKnownFileType = file.storyboard; name = Base; path = Base.lproj/Main.storyboard; sourceTree = "<group>"; };
		414F4AD22483C1D800E55291 /* Info.plist */ = {isa = PBXFileReference; lastKnownFileType = text.plist.xml; path = Info.plist; sourceTree = "<group>"; };
		414F4AD32483C1D800E55291 /* StatusScript.entitlements */ = {isa = PBXFileReference; lastKnownFileType = text.plist.entitlements; path = StatusScript.entitlements; sourceTree = "<group>"; };
		414F4AD92484067C00E55291 /* ScriptEditorController.swift */ = {isa = PBXFileReference; lastKnownFileType = sourcecode.swift; path = ScriptEditorController.swift; sourceTree = "<group>"; };
/* End PBXFileReference section */

/* Begin PBXFrameworksBuildPhase section */
		414F4AC32483C1D500E55291 /* Frameworks */ = {
			isa = PBXFrameworksBuildPhase;
			buildActionMask = 2147483647;
			files = (
			);
			runOnlyForDeploymentPostprocessing = 0;
		};
/* End PBXFrameworksBuildPhase section */

/* Begin PBXGroup section */
		414F4ABD2483C1D500E55291 = {
			isa = PBXGroup;
			children = (
				414F4AC82483C1D500E55291 /* StatusScript */,
				414F4AC72483C1D500E55291 /* Products */,
			);
			sourceTree = "<group>";
		};
		414F4AC72483C1D500E55291 /* Products */ = {
			isa = PBXGroup;
			children = (
				414F4AC62483C1D500E55291 /* StatusScript.app */,
			);
			name = Products;
			sourceTree = "<group>";
		};
		414F4AC82483C1D500E55291 /* StatusScript */ = {
			isa = PBXGroup;
			children = (
				414F4AD92484067C00E55291 /* ScriptEditorController.swift */,
				414F4AC92483C1D500E55291 /* AppDelegate.swift */,
				414F4ACB2483C1D500E55291 /* ViewController.swift */,
				414F4ACD2483C1D800E55291 /* Assets.xcassets */,
				414F4ACF2483C1D800E55291 /* Main.storyboard */,
				414F4AD22483C1D800E55291 /* Info.plist */,
				414F4AD32483C1D800E55291 /* StatusScript.entitlements */,
			);
			path = StatusScript;
			sourceTree = "<group>";
		};
/* End PBXGroup section */

/* Begin PBXNativeTarget section */
		414F4AC52483C1D500E55291 /* StatusScript */ = {
			isa = PBXNativeTarget;
			buildConfigurationList = 414F4AD62483C1D800E55291 /* Build configuration list for PBXNativeTarget "StatusScript" */;
			buildPhases = (
				414F4AC22483C1D500E55291 /* Sources */,
				414F4AC32483C1D500E55291 /* Frameworks */,
				414F4AC42483C1D500E55291 /* Resources */,
			);
			buildRules = (
			);
			dependencies = (
			);
			name = StatusScript;
			productName = StatusScript;
			productReference = 414F4AC62483C1D500E55291 /* StatusScript.app */;
			productType = "com.apple.product-type.application";
		};
/* End PBXNativeTarget section */

/* Begin PBXProject section */
		414F4ABE2483C1D500E55291 /* Project object */ = {
			isa = PBXProject;
			attributes = {
				LastSwiftUpdateCheck = 1150;
				LastUpgradeCheck = 1150;
				TargetAttributes = {
					414F4AC52483C1D500E55291 = {
						CreatedOnToolsVersion = 11.5;
					};
				};
			};
			buildConfigurationList = 414F4AC12483C1D500E55291 /* Build configuration list for PBXProject "StatusScript" */;
			compatibilityVersion = "Xcode 9.3";
			developmentRegion = en;
			hasScannedForEncodings = 0;
			knownRegions = (
				en,
				Base,
			);
			mainGroup = 414F4ABD2483C1D500E55291;
			productRefGroup = 414F4AC72483C1D500E55291 /* Products */;
			projectDirPath = "";
			projectRoot = "";
			targets = (
				414F4AC52483C1D500E55291 /* StatusScript */,
			);
		};
/* End PBXProject section */

/* Begin PBXResourcesBuildPhase section */
		414F4AC42483C1D500E55291 /* Resources */ = {
			isa = PBXResourcesBuildPhase;
			buildActionMask = 2147483647;
			files = (
				414F4ACE2483C1D800E55291 /* Assets.xcassets in Resources */,
				414F4AD12483C1D800E55291 /* Main.storyboard in Resources */,
			);
			runOnlyForDeploymentPostprocessing = 0;
		};
/* End PBXResourcesBuildPhase section */

/* Begin PBXSourcesBuildPhase section */
		414F4AC22483C1D500E55291 /* Sources */ = {
			isa = PBXSourcesBuildPhase;
			buildActionMask = 2147483647;
			files = (
				414F4ADA2484067C00E55291 /* ScriptEditorController.swift in Sources */,
				414F4ACC2483C1D500E55291 /* ViewController.swift in Sources */,
				414F4ACA2483C1D500E55291 /* AppDelegate.swift in Sources */,
			);
			runOnlyForDeploymentPostprocessing = 0;
		};
/* End PBXSourcesBuildPhase section */

/* Begin PBXVariantGroup section */
		414F4ACF2483C1D800E55291 /* Main.storyboard */ = {
			isa = PBXVariantGroup;
			children = (
				414F4AD02483C1D800E55291 /* Base */,
			);
			name = Main.storyboard;
			sourceTree = "<group>";
		};
/* End PBXVariantGroup section */

/* Begin XCBuildConfiguration section */
		414F4AD42483C1D800E55291 /* Debug */ = {
			isa = XCBuildConfiguration;
			buildSettings = {
				ALWAYS_SEARCH_USER_PATHS = NO;
				CLANG_ANALYZER_NONNULL = YES;
				CLANG_ANALYZER_NUMBER_OBJECT_CONVERSION = YES_AGGRESSIVE;
				CLANG_CXX_LANGUAGE_STANDARD = "gnu++14";
				CLANG_CXX_LIBRARY = "libc++";
				CLANG_ENABLE_MODULES = YES;
				CLANG_ENABLE_OBJC_ARC = YES;
				CLANG_ENABLE_OBJC_WEAK = YES;
				CLANG_WARN_BLOCK_CAPTURE_AUTORELEASING = YES;
				CLANG_WARN_BOOL_CONVERSION = YES;
				CLANG_WARN_COMMA = YES;
				CLANG_WARN_CONSTANT_CONVERSION = YES;
				CLANG_WARN_DEPRECATED_OBJC_IMPLEMENTATIONS = YES;
				CLANG_WARN_DIRECT_OBJC_ISA_USAGE = YES_ERROR;
				CLANG_WARN_DOCUMENTATION_COMMENTS = YES;
				CLANG_WARN_EMPTY_BODY = YES;
				CLANG_WARN_ENUM_CONVERSION = YES;
				CLANG_WARN_INFINITE_RECURSION = YES;
				CLANG_WARN_INT_CONVERSION = YES;
				CLANG_WARN_NON_LITERAL_NULL_CONVERSION = YES;
				CLANG_WARN_OBJC_IMPLICIT_RETAIN_SELF = YES;
				CLANG_WARN_OBJC_LITERAL_CONVERSION = YES;
				CLANG_WARN_OBJC_ROOT_CLASS = YES_ERROR;
				CLANG_WARN_RANGE_LOOP_ANALYSIS = YES;
				CLANG_WARN_STRICT_PROTOTYPES = YES;
				CLANG_WARN_SUSPICIOUS_MOVE = YES;
				CLANG_WARN_UNGUARDED_AVAILABILITY = YES_AGGRESSIVE;
				CLANG_WARN_UNREACHABLE_CODE = YES;
				CLANG_WARN__DUPLICATE_METHOD_MATCH = YES;
				COPY_PHASE_STRIP = NO;
				DEBUG_INFORMATION_FORMAT = dwarf;
				ENABLE_STRICT_OBJC_MSGSEND = YES;
				ENABLE_TESTABILITY = YES;
				GCC_C_LANGUAGE_STANDARD = gnu11;
				GCC_DYNAMIC_NO_PIC = NO;
				GCC_NO_COMMON_BLOCKS = YES;
				GCC_OPTIMIZATION_LEVEL = 0;
				GCC_PREPROCESSOR_DEFINITIONS = (
					"DEBUG=1",
					"$(inherited)",
				);
				GCC_WARN_64_TO_32_BIT_CONVERSION = YES;
				GCC_WARN_ABOUT_RETURN_TYPE = YES_ERROR;
				GCC_WARN_UNDECLARED_SELECTOR = YES;
				GCC_WARN_UNINITIALIZED_AUTOS = YES_AGGRESSIVE;
				GCC_WARN_UNUSED_FUNCTION = YES;
				GCC_WARN_UNUSED_VARIABLE = YES;
				MACOSX_DEPLOYMENT_TARGET = 10.15;
				MTL_ENABLE_DEBUG_INFO = INCLUDE_SOURCE;
				MTL_FAST_MATH = YES;
				ONLY_ACTIVE_ARCH = YES;
				SDKROOT = macosx;
				SWIFT_ACTIVE_COMPILATION_CONDITIONS = DEBUG;
				SWIFT_OPTIMIZATION_LEVEL = "-Onone";
			};
			name = Debug;
		};
		414F4AD52483C1D800E55291 /* Release */ = {
			isa = XCBuildConfiguration;
			buildSettings = {
				ALWAYS_SEARCH_USER_PATHS = NO;
				CLANG_ANALYZER_NONNULL = YES;
				CLANG_ANALYZER_NUMBER_OBJECT_CONVERSION = YES_AGGRESSIVE;
				CLANG_CXX_LANGUAGE_STANDARD = "gnu++14";
				CLANG_CXX_LIBRARY = "libc++";
				CLANG_ENABLE_MODULES = YES;
				CLANG_ENABLE_OBJC_ARC = YES;
				CLANG_ENABLE_OBJC_WEAK = YES;
				CLANG_WARN_BLOCK_CAPTURE_AUTORELEASING = YES;
				CLANG_WARN_BOOL_CONVERSION = YES;
				CLANG_WARN_COMMA = YES;
				CLANG_WARN_CONSTANT_CONVERSION = YES;
				CLANG_WARN_DEPRECATED_OBJC_IMPLEMENTATIONS = YES;
				CLANG_WARN_DIRECT_OBJC_ISA_USAGE = YES_ERROR;
				CLANG_WARN_DOCUMENTATION_COMMENTS = YES;
				CLANG_WARN_EMPTY_BODY = YES;
				CLANG_WARN_ENUM_CONVERSION = YES;
				CLANG_WARN_INFINITE_RECURSION = YES;
				CLANG_WARN_INT_CONVERSION = YES;
				CLANG_WARN_NON_LITERAL_NULL_CONVERSION = YES;
				CLANG_WARN_OBJC_IMPLICIT_RETAIN_SELF = YES;
				CLANG_WARN_OBJC_LITERAL_CONVERSION = YES;
				CLANG_WARN_OBJC_ROOT_CLASS = YES_ERROR;
				CLANG_WARN_RANGE_LOOP_ANALYSIS = YES;
				CLANG_WARN_STRICT_PROTOTYPES = YES;
				CLANG_WARN_SUSPICIOUS_MOVE = YES;
				CLANG_WARN_UNGUARDED_AVAILABILITY = YES_AGGRESSIVE;
				CLANG_WARN_UNREACHABLE_CODE = YES;
				CLANG_WARN__DUPLICATE_METHOD_MATCH = YES;
				COPY_PHASE_STRIP = NO;
				DEBUG_INFORMATION_FORMAT = "dwarf-with-dsym";
				ENABLE_NS_ASSERTIONS = NO;
				ENABLE_STRICT_OBJC_MSGSEND = YES;
				GCC_C_LANGUAGE_STANDARD = gnu11;
				GCC_NO_COMMON_BLOCKS = YES;
				GCC_WARN_64_TO_32_BIT_CONVERSION = YES;
				GCC_WARN_ABOUT_RETURN_TYPE = YES_ERROR;
				GCC_WARN_UNDECLARED_SELECTOR = YES;
				GCC_WARN_UNINITIALIZED_AUTOS = YES_AGGRESSIVE;
				GCC_WARN_UNUSED_FUNCTION = YES;
				GCC_WARN_UNUSED_VARIABLE = YES;
				MACOSX_DEPLOYMENT_TARGET = 10.15;
				MTL_ENABLE_DEBUG_INFO = NO;
				MTL_FAST_MATH = YES;
				SDKROOT = macosx;
				SWIFT_COMPILATION_MODE = wholemodule;
				SWIFT_OPTIMIZATION_LEVEL = "-O";
			};
			name = Release;
		};
		414F4AD72483C1D800E55291 /* Debug */ = {
			isa = XCBuildConfiguration;
			buildSettings = {
				ASSETCATALOG_COMPILER_APPICON_NAME = terminal;
				CODE_SIGN_ENTITLEMENTS = StatusScript/StatusScript.entitlements;
				CODE_SIGN_STYLE = Automatic;
				COMBINE_HIDPI_IMAGES = YES;
				INFOPLIST_FILE = StatusScript/Info.plist;
				LD_RUNPATH_SEARCH_PATHS = (
					"$(inherited)",
					"@executable_path/../Frameworks",
				);
				PRODUCT_BUNDLE_IDENTIFIER = ravitripathi.github.io.StatusScript;
				PRODUCT_NAME = "$(TARGET_NAME)";
				SWIFT_VERSION = 5.0;
			};
			name = Debug;
		};
		414F4AD82483C1D800E55291 /* Release */ = {
			isa = XCBuildConfiguration;
			buildSettings = {
				ASSETCATALOG_COMPILER_APPICON_NAME = terminal;
				CODE_SIGN_ENTITLEMENTS = StatusScript/StatusScript.entitlements;
				CODE_SIGN_STYLE = Automatic;
				COMBINE_HIDPI_IMAGES = YES;
				INFOPLIST_FILE = StatusScript/Info.plist;
				LD_RUNPATH_SEARCH_PATHS = (
					"$(inherited)",
					"@executable_path/../Frameworks",
				);
				PRODUCT_BUNDLE_IDENTIFIER = ravitripathi.github.io.StatusScript;
				PRODUCT_NAME = "$(TARGET_NAME)";
				SWIFT_VERSION = 5.0;
			};
			name = Release;
		};
/* End XCBuildConfiguration section */

/* Begin XCConfigurationList section */
		414F4AC12483C1D500E55291 /* Build configuration list for PBXProject "StatusScript" */ = {
			isa = XCConfigurationList;
			buildConfigurations = (
				414F4AD42483C1D800E55291 /* Debug */,
				414F4AD52483C1D800E55291 /* Release */,
			);
			defaultConfigurationIsVisible = 0;
			defaultConfigurationName = Release;
		};
		414F4AD62483C1D800E55291 /* Build configuration list for PBXNativeTarget "StatusScript" */ = {
			isa = XCConfigurationList;
			buildConfigurations = (
				414F4AD72483C1D800E55291 /* Debug */,
				414F4AD82483C1D800E55291 /* Release */,
			);
			defaultConfigurationIsVisible = 0;
			defaultConfigurationName = Release;
		};
/* End XCConfigurationList section */
	};
	rootObject = 414F4ABE2483C1D500E55291 /* Project object */;
}
